// !$*UTF8*$!
{
	archiveVersion = 1;
	classes = {
	};
	objectVersion = 46;
	objects = {

/* Begin PBXBuildFile section */
		7DCC5579E8A064E12F7BBD00 /* EarlGrey.framework in EarlGrey Copy Files */ = {isa = PBXBuildFile; fileRef = E629AE41A6F601402C6C5B0A /* EarlGrey.framework */; settings = {ATTRIBUTES = (CodeSignOnCopy, ); }; };
		9838BC39B82ED99B62A7673D /* libPods-EarlGreyDemoTests.a in Frameworks */ = {isa = PBXBuildFile; fileRef = 083714AA3D09AE49894C6006 /* libPods-EarlGreyDemoTests.a */; };
		D4BE147A1C7C75CB007E3A92 /* main.m in Sources */ = {isa = PBXBuildFile; fileRef = D4BE14791C7C75CB007E3A92 /* main.m */; };
		D4BE147D1C7C75CB007E3A92 /* AppDelegate.m in Sources */ = {isa = PBXBuildFile; fileRef = D4BE147C1C7C75CB007E3A92 /* AppDelegate.m */; };
		D4BE14801C7C75CB007E3A92 /* ViewController.m in Sources */ = {isa = PBXBuildFile; fileRef = D4BE147F1C7C75CB007E3A92 /* ViewController.m */; };
		D4BE14831C7C75CB007E3A92 /* Main.storyboard in Resources */ = {isa = PBXBuildFile; fileRef = D4BE14811C7C75CB007E3A92 /* Main.storyboard */; };
		D4BE14851C7C75CB007E3A92 /* Assets.xcassets in Resources */ = {isa = PBXBuildFile; fileRef = D4BE14841C7C75CB007E3A92 /* Assets.xcassets */; };
		D4BE14881C7C75CB007E3A92 /* LaunchScreen.storyboard in Resources */ = {isa = PBXBuildFile; fileRef = D4BE14861C7C75CB007E3A92 /* LaunchScreen.storyboard */; };
		D4BE14931C7C75CB007E3A92 /* EarlGreyDemoUITests.m in Sources */ = {isa = PBXBuildFile; fileRef = D4BE14921C7C75CB007E3A92 /* EarlGreyDemoUITests.m */; };
		D4BE14A41C7C7671007E3A92 /* EarlGreyDemoTests.m in Sources */ = {isa = PBXBuildFile; fileRef = D4BE14A31C7C7671007E3A92 /* EarlGreyDemoTests.m */; };
		D4BE14AD1C7C848D007E3A92 /* EarlGrey.framework in CopyFiles */ = {isa = PBXBuildFile; fileRef = E629AE41A6F601402C6C5B0A /* EarlGrey.framework */; settings = {ATTRIBUTES = (CodeSignOnCopy, ); }; };
		D4BE14AF1C7C84FD007E3A92 /* FirstEarlGreyTest.m in Sources */ = {isa = PBXBuildFile; fileRef = D4BE14AE1C7C84FD007E3A92 /* FirstEarlGreyTest.m */; };
/* End PBXBuildFile section */

/* Begin PBXContainerItemProxy section */
		D4BE148F1C7C75CB007E3A92 /* PBXContainerItemProxy */ = {
			isa = PBXContainerItemProxy;
			containerPortal = D4BE146D1C7C75CB007E3A92 /* Project object */;
			proxyType = 1;
			remoteGlobalIDString = D4BE14741C7C75CB007E3A92;
			remoteInfo = EarlGreyDemo;
		};
		D4BE14A61C7C7671007E3A92 /* PBXContainerItemProxy */ = {
			isa = PBXContainerItemProxy;
			containerPortal = D4BE146D1C7C75CB007E3A92 /* Project object */;
			proxyType = 1;
			remoteGlobalIDString = D4BE14741C7C75CB007E3A92;
			remoteInfo = EarlGreyDemo;
		};
/* End PBXContainerItemProxy section */

/* Begin PBXCopyFilesBuildPhase section */
		CF82883C1AFCD66E50B8785F /* EarlGrey Copy Files */ = {
			isa = PBXCopyFilesBuildPhase;
			buildActionMask = 2147483647;
			dstPath = "$(TEST_HOST)/../";
			dstSubfolderSpec = 0;
			files = (
				7DCC5579E8A064E12F7BBD00 /* EarlGrey.framework in EarlGrey Copy Files */,
			);
			name = "EarlGrey Copy Files";
			runOnlyForDeploymentPostprocessing = 0;
		};
		D4BE14AB1C7C8408007E3A92 /* CopyFiles */ = {
			isa = PBXCopyFilesBuildPhase;
			buildActionMask = 12;
			dstPath = "$(TEST_HOST)/..";
			dstSubfolderSpec = 0;
			files = (
				D4BE14AD1C7C848D007E3A92 /* EarlGrey.framework in CopyFiles */,
			);
			runOnlyForDeploymentPostprocessing = 0;
		};
/* End PBXCopyFilesBuildPhase section */

/* Begin PBXFileReference section */
		083714AA3D09AE49894C6006 /* libPods-EarlGreyDemoTests.a */ = {isa = PBXFileReference; explicitFileType = archive.ar; includeInIndex = 0; path = "libPods-EarlGreyDemoTests.a"; sourceTree = BUILT_PRODUCTS_DIR; };
		3E48EA38C1C5679C108D6672 /* Pods-EarlGreyDemoTests.debug.xcconfig */ = {isa = PBXFileReference; includeInIndex = 1; lastKnownFileType = text.xcconfig; name = "Pods-EarlGreyDemoTests.debug.xcconfig"; path = "Pods/Target Support Files/Pods-EarlGreyDemoTests/Pods-EarlGreyDemoTests.debug.xcconfig"; sourceTree = "<group>"; };
		D4BE14751C7C75CB007E3A92 /* EarlGreyDemo.app */ = {isa = PBXFileReference; explicitFileType = wrapper.application; includeInIndex = 0; path = EarlGreyDemo.app; sourceTree = BUILT_PRODUCTS_DIR; };
		D4BE14791C7C75CB007E3A92 /* main.m */ = {isa = PBXFileReference; lastKnownFileType = sourcecode.c.objc; path = main.m; sourceTree = "<group>"; };
		D4BE147B1C7C75CB007E3A92 /* AppDelegate.h */ = {isa = PBXFileReference; lastKnownFileType = sourcecode.c.h; path = AppDelegate.h; sourceTree = "<group>"; };
		D4BE147C1C7C75CB007E3A92 /* AppDelegate.m */ = {isa = PBXFileReference; lastKnownFileType = sourcecode.c.objc; path = AppDelegate.m; sourceTree = "<group>"; };
		D4BE147E1C7C75CB007E3A92 /* ViewController.h */ = {isa = PBXFileReference; lastKnownFileType = sourcecode.c.h; path = ViewController.h; sourceTree = "<group>"; };
		D4BE147F1C7C75CB007E3A92 /* ViewController.m */ = {isa = PBXFileReference; lastKnownFileType = sourcecode.c.objc; path = ViewController.m; sourceTree = "<group>"; };
		D4BE14821C7C75CB007E3A92 /* Base */ = {isa = PBXFileReference; lastKnownFileType = file.storyboard; name = Base; path = Base.lproj/Main.storyboard; sourceTree = "<group>"; };
		D4BE14841C7C75CB007E3A92 /* Assets.xcassets */ = {isa = PBXFileReference; lastKnownFileType = folder.assetcatalog; path = Assets.xcassets; sourceTree = "<group>"; };
		D4BE14871C7C75CB007E3A92 /* Base */ = {isa = PBXFileReference; lastKnownFileType = file.storyboard; name = Base; path = Base.lproj/LaunchScreen.storyboard; sourceTree = "<group>"; };
		D4BE14891C7C75CB007E3A92 /* Info.plist */ = {isa = PBXFileReference; lastKnownFileType = text.plist.xml; path = Info.plist; sourceTree = "<group>"; };
		D4BE148E1C7C75CB007E3A92 /* EarlGreyDemoUITests.xctest */ = {isa = PBXFileReference; explicitFileType = wrapper.cfbundle; includeInIndex = 0; path = EarlGreyDemoUITests.xctest; sourceTree = BUILT_PRODUCTS_DIR; };
		D4BE14921C7C75CB007E3A92 /* EarlGreyDemoUITests.m */ = {isa = PBXFileReference; lastKnownFileType = sourcecode.c.objc; path = EarlGreyDemoUITests.m; sourceTree = "<group>"; };
		D4BE14941C7C75CB007E3A92 /* Info.plist */ = {isa = PBXFileReference; lastKnownFileType = text.plist.xml; path = Info.plist; sourceTree = "<group>"; };
		D4BE14A11C7C7671007E3A92 /* EarlGreyDemoTests.xctest */ = {isa = PBXFileReference; explicitFileType = wrapper.cfbundle; includeInIndex = 0; path = EarlGreyDemoTests.xctest; sourceTree = BUILT_PRODUCTS_DIR; };
		D4BE14A31C7C7671007E3A92 /* EarlGreyDemoTests.m */ = {isa = PBXFileReference; lastKnownFileType = sourcecode.c.objc; path = EarlGreyDemoTests.m; sourceTree = "<group>"; };
		D4BE14A51C7C7671007E3A92 /* Info.plist */ = {isa = PBXFileReference; lastKnownFileType = text.plist.xml; path = Info.plist; sourceTree = "<group>"; };
		D4BE14AE1C7C84FD007E3A92 /* FirstEarlGreyTest.m */ = {isa = PBXFileReference; fileEncoding = 4; lastKnownFileType = sourcecode.c.objc; path = FirstEarlGreyTest.m; sourceTree = "<group>"; };
		E629AE41A6F601402C6C5B0A /* EarlGrey.framework */ = {isa = PBXFileReference; lastKnownFileType = wrapper.framework; name = EarlGrey.framework; path = "${SRCROOT}/Pods/EarlGrey/EarlGrey-1.0.0/EarlGrey.framework"; sourceTree = SRCROOT; };
		EA3F309446EC7D94B4CE8D84 /* Pods-EarlGreyDemoTests.release.xcconfig */ = {isa = PBXFileReference; includeInIndex = 1; lastKnownFileType = text.xcconfig; name = "Pods-EarlGreyDemoTests.release.xcconfig"; path = "Pods/Target Support Files/Pods-EarlGreyDemoTests/Pods-EarlGreyDemoTests.release.xcconfig"; sourceTree = "<group>"; };
/* End PBXFileReference section */

/* Begin PBXFrameworksBuildPhase section */
		D4BE14721C7C75CB007E3A92 /* Frameworks */ = {
			isa = PBXFrameworksBuildPhase;
			buildActionMask = 2147483647;
			files = (
			);
			runOnlyForDeploymentPostprocessing = 0;
		};
		D4BE148B1C7C75CB007E3A92 /* Frameworks */ = {
			isa = PBXFrameworksBuildPhase;
			buildActionMask = 2147483647;
			files = (
			);
			runOnlyForDeploymentPostprocessing = 0;
		};
		D4BE149E1C7C7671007E3A92 /* Frameworks */ = {
			isa = PBXFrameworksBuildPhase;
			buildActionMask = 2147483647;
			files = (
				9838BC39B82ED99B62A7673D /* libPods-EarlGreyDemoTests.a in Frameworks */,
			);
			runOnlyForDeploymentPostprocessing = 0;
		};
/* End PBXFrameworksBuildPhase section */

/* Begin PBXGroup section */
		402332C14063E4E091782202 /* Pods */ = {
			isa = PBXGroup;
			children = (
				3E48EA38C1C5679C108D6672 /* Pods-EarlGreyDemoTests.debug.xcconfig */,
				EA3F309446EC7D94B4CE8D84 /* Pods-EarlGreyDemoTests.release.xcconfig */,
			);
			name = Pods;
			sourceTree = "<group>";
		};
		8C50800763914AB44DDAA332 /* Frameworks */ = {
			isa = PBXGroup;
			children = (
				083714AA3D09AE49894C6006 /* libPods-EarlGreyDemoTests.a */,
			);
			name = Frameworks;
			sourceTree = "<group>";
		};
		D4BE146C1C7C75CA007E3A92 = {
			isa = PBXGroup;
			children = (
				D4BE14771C7C75CB007E3A92 /* EarlGreyDemo */,
				D4BE14911C7C75CB007E3A92 /* EarlGreyDemoUITests */,
				D4BE14A21C7C7671007E3A92 /* EarlGreyDemoTests */,
				D4BE14761C7C75CB007E3A92 /* Products */,
				402332C14063E4E091782202 /* Pods */,
				8C50800763914AB44DDAA332 /* Frameworks */,
			);
			sourceTree = "<group>";
		};
		D4BE14761C7C75CB007E3A92 /* Products */ = {
			isa = PBXGroup;
			children = (
				D4BE14751C7C75CB007E3A92 /* EarlGreyDemo.app */,
				D4BE148E1C7C75CB007E3A92 /* EarlGreyDemoUITests.xctest */,
				D4BE14A11C7C7671007E3A92 /* EarlGreyDemoTests.xctest */,
				E629AE41A6F601402C6C5B0A /* EarlGrey.framework */,
			);
			name = Products;
			sourceTree = "<group>";
		};
		D4BE14771C7C75CB007E3A92 /* EarlGreyDemo */ = {
			isa = PBXGroup;
			children = (
				D4BE147B1C7C75CB007E3A92 /* AppDelegate.h */,
				D4BE147C1C7C75CB007E3A92 /* AppDelegate.m */,
				D4BE147E1C7C75CB007E3A92 /* ViewController.h */,
				D4BE147F1C7C75CB007E3A92 /* ViewController.m */,
				D4BE14811C7C75CB007E3A92 /* Main.storyboard */,
				D4BE14841C7C75CB007E3A92 /* Assets.xcassets */,
				D4BE14861C7C75CB007E3A92 /* LaunchScreen.storyboard */,
				D4BE14891C7C75CB007E3A92 /* Info.plist */,
				D4BE14781C7C75CB007E3A92 /* Supporting Files */,
			);
			path = EarlGreyDemo;
			sourceTree = "<group>";
		};
		D4BE14781C7C75CB007E3A92 /* Supporting Files */ = {
			isa = PBXGroup;
			children = (
				D4BE14791C7C75CB007E3A92 /* main.m */,
			);
			name = "Supporting Files";
			sourceTree = "<group>";
		};
		D4BE14911C7C75CB007E3A92 /* EarlGreyDemoUITests */ = {
			isa = PBXGroup;
			children = (
				D4BE14921C7C75CB007E3A92 /* EarlGreyDemoUITests.m */,
				D4BE14941C7C75CB007E3A92 /* Info.plist */,
			);
			path = EarlGreyDemoUITests;
			sourceTree = "<group>";
		};
		D4BE14A21C7C7671007E3A92 /* EarlGreyDemoTests */ = {
			isa = PBXGroup;
			children = (
				D4BE14A31C7C7671007E3A92 /* EarlGreyDemoTests.m */,
				D4BE14A51C7C7671007E3A92 /* Info.plist */,
				D4BE14AE1C7C84FD007E3A92 /* FirstEarlGreyTest.m */,
			);
			path = EarlGreyDemoTests;
			sourceTree = "<group>";
		};
/* End PBXGroup section */

/* Begin PBXNativeTarget section */
		D4BE14741C7C75CB007E3A92 /* EarlGreyDemo */ = {
			isa = PBXNativeTarget;
			buildConfigurationList = D4BE14971C7C75CB007E3A92 /* Build configuration list for PBXNativeTarget "EarlGreyDemo" */;
			buildPhases = (
				D4BE14711C7C75CB007E3A92 /* Sources */,
				D4BE14721C7C75CB007E3A92 /* Frameworks */,
				D4BE14731C7C75CB007E3A92 /* Resources */,
			);
			buildRules = (
			);
			dependencies = (
			);
			name = EarlGreyDemo;
			productName = EarlGreyDemo;
			productReference = D4BE14751C7C75CB007E3A92 /* EarlGreyDemo.app */;
			productType = "com.apple.product-type.application";
		};
		D4BE148D1C7C75CB007E3A92 /* EarlGreyDemoUITests */ = {
			isa = PBXNativeTarget;
			buildConfigurationList = D4BE149A1C7C75CB007E3A92 /* Build configuration list for PBXNativeTarget "EarlGreyDemoUITests" */;
			buildPhases = (
				D4BE148A1C7C75CB007E3A92 /* Sources */,
				D4BE148B1C7C75CB007E3A92 /* Frameworks */,
				D4BE148C1C7C75CB007E3A92 /* Resources */,
			);
			buildRules = (
			);
			dependencies = (
				D4BE14901C7C75CB007E3A92 /* PBXTargetDependency */,
			);
			name = EarlGreyDemoUITests;
			productName = EarlGreyDemoUITests;
			productReference = D4BE148E1C7C75CB007E3A92 /* EarlGreyDemoUITests.xctest */;
			productType = "com.apple.product-type.bundle.ui-testing";
		};
		D4BE14A01C7C7671007E3A92 /* EarlGreyDemoTests */ = {
			isa = PBXNativeTarget;
			buildConfigurationList = D4BE14A81C7C7671007E3A92 /* Build configuration list for PBXNativeTarget "EarlGreyDemoTests" */;
			buildPhases = (
				C424C9B8CEC35C538F76708C /* Check Pods Manifest.lock */,
				D4BE149D1C7C7671007E3A92 /* Sources */,
				D4BE149E1C7C7671007E3A92 /* Frameworks */,
				D4BE149F1C7C7671007E3A92 /* Resources */,
				CF82883C1AFCD66E50B8785F /* EarlGrey Copy Files */,
				9BBD847B172DA3D51D9B0B26 /* Embed Pods Frameworks */,
				B6F9D35C02A14D94F7367157 /* Copy Pods Resources */,
				D4BE14AB1C7C8408007E3A92 /* CopyFiles */,
			);
			buildRules = (
			);
			dependencies = (
				D4BE14A71C7C7671007E3A92 /* PBXTargetDependency */,
			);
			name = EarlGreyDemoTests;
			productName = EarlGreyDemoTests;
			productReference = D4BE14A11C7C7671007E3A92 /* EarlGreyDemoTests.xctest */;
			productType = "com.apple.product-type.bundle.unit-test";
		};
/* End PBXNativeTarget section */

/* Begin PBXProject section */
		D4BE146D1C7C75CB007E3A92 /* Project object */ = {
			isa = PBXProject;
			attributes = {
				LastUpgradeCheck = 0720;
				ORGANIZATIONNAME = tingxuan.qhm;
				TargetAttributes = {
					D4BE14741C7C75CB007E3A92 = {
						CreatedOnToolsVersion = 7.2;
					};
					D4BE148D1C7C75CB007E3A92 = {
						CreatedOnToolsVersion = 7.2;
						TestTargetID = D4BE14741C7C75CB007E3A92;
					};
					D4BE14A01C7C7671007E3A92 = {
						CreatedOnToolsVersion = 7.2;
						TestTargetID = D4BE14741C7C75CB007E3A92;
					};
				};
			};
			buildConfigurationList = D4BE14701C7C75CB007E3A92 /* Build configuration list for PBXProject "EarlGreyDemo" */;
			compatibilityVersion = "Xcode 3.2";
			developmentRegion = English;
			hasScannedForEncodings = 0;
			knownRegions = (
				en,
				Base,
			);
			mainGroup = D4BE146C1C7C75CA007E3A92;
			productRefGroup = D4BE14761C7C75CB007E3A92 /* Products */;
			projectDirPath = "";
			projectRoot = "";
			targets = (
				D4BE14741C7C75CB007E3A92 /* EarlGreyDemo */,
				D4BE148D1C7C75CB007E3A92 /* EarlGreyDemoUITests */,
				D4BE14A01C7C7671007E3A92 /* EarlGreyDemoTests */,
			);
		};
/* End PBXProject section */

/* Begin PBXResourcesBuildPhase section */
		D4BE14731C7C75CB007E3A92 /* Resources */ = {
			isa = PBXResourcesBuildPhase;
			buildActionMask = 2147483647;
			files = (
				D4BE14881C7C75CB007E3A92 /* LaunchScreen.storyboard in Resources */,
				D4BE14851C7C75CB007E3A92 /* Assets.xcassets in Resources */,
				D4BE14831C7C75CB007E3A92 /* Main.storyboard in Resources */,
			);
			runOnlyForDeploymentPostprocessing = 0;
		};
		D4BE148C1C7C75CB007E3A92 /* Resources */ = {
			isa = PBXResourcesBuildPhase;
			buildActionMask = 2147483647;
			files = (
			);
			runOnlyForDeploymentPostprocessing = 0;
		};
		D4BE149F1C7C7671007E3A92 /* Resources */ = {
			isa = PBXResourcesBuildPhase;
			buildActionMask = 2147483647;
			files = (
			);
			runOnlyForDeploymentPostprocessing = 0;
		};
/* End PBXResourcesBuildPhase section */

/* Begin PBXShellScriptBuildPhase section */
		9BBD847B172DA3D51D9B0B26 /* Embed Pods Frameworks */ = {
			isa = PBXShellScriptBuildPhase;
			buildActionMask = 2147483647;
			files = (
			);
			inputPaths = (
			);
			name = "Embed Pods Frameworks";
			outputPaths = (
			);
			runOnlyForDeploymentPostprocessing = 0;
			shellPath = /bin/sh;
			shellScript = "\"${SRCROOT}/Pods/Target Support Files/Pods-EarlGreyDemoTests/Pods-EarlGreyDemoTests-frameworks.sh\"\n";
			showEnvVarsInLog = 0;
		};
		B6F9D35C02A14D94F7367157 /* Copy Pods Resources */ = {
			isa = PBXShellScriptBuildPhase;
			buildActionMask = 2147483647;
			files = (
			);
			inputPaths = (
			);
			name = "Copy Pods Resources";
			outputPaths = (
			);
			runOnlyForDeploymentPostprocessing = 0;
			shellPath = /bin/sh;
			shellScript = "\"${SRCROOT}/Pods/Target Support Files/Pods-EarlGreyDemoTests/Pods-EarlGreyDemoTests-resources.sh\"\n";
			showEnvVarsInLog = 0;
		};
		C424C9B8CEC35C538F76708C /* Check Pods Manifest.lock */ = {
			isa = PBXShellScriptBuildPhase;
			buildActionMask = 2147483647;
			files = (
			);
			inputPaths = (
			);
			name = "Check Pods Manifest.lock";
			outputPaths = (
			);
			runOnlyForDeploymentPostprocessing = 0;
			shellPath = /bin/sh;
			shellScript = "diff \"${PODS_ROOT}/../Podfile.lock\" \"${PODS_ROOT}/Manifest.lock\" > /dev/null\nif [[ $? != 0 ]] ; then\n    cat << EOM\nerror: The sandbox is not in sync with the Podfile.lock. Run 'pod install' or update your CocoaPods installation.\nEOM\n    exit 1\nfi\n";
			showEnvVarsInLog = 0;
		};
/* End PBXShellScriptBuildPhase section */

/* Begin PBXSourcesBuildPhase section */
		D4BE14711C7C75CB007E3A92 /* Sources */ = {
			isa = PBXSourcesBuildPhase;
			buildActionMask = 2147483647;
			files = (
				D4BE14801C7C75CB007E3A92 /* ViewController.m in Sources */,
				D4BE147D1C7C75CB007E3A92 /* AppDelegate.m in Sources */,
				D4BE147A1C7C75CB007E3A92 /* main.m in Sources */,
			);
			runOnlyForDeploymentPostprocessing = 0;
		};
		D4BE148A1C7C75CB007E3A92 /* Sources */ = {
			isa = PBXSourcesBuildPhase;
			buildActionMask = 2147483647;
			files = (
				D4BE14931C7C75CB007E3A92 /* EarlGreyDemoUITests.m in Sources */,
			);
			runOnlyForDeploymentPostprocessing = 0;
		};
		D4BE149D1C7C7671007E3A92 /* Sources */ = {
			isa = PBXSourcesBuildPhase;
			buildActionMask = 2147483647;
			files = (
				D4BE14A41C7C7671007E3A92 /* EarlGreyDemoTests.m in Sources */,
				D4BE14AF1C7C84FD007E3A92 /* FirstEarlGreyTest.m in Sources */,
			);
			runOnlyForDeploymentPostprocessing = 0;
		};
/* End PBXSourcesBuildPhase section */

/* Begin PBXTargetDependency section */
		D4BE14901C7C75CB007E3A92 /* PBXTargetDependency */ = {
			isa = PBXTargetDependency;
			target = D4BE14741C7C75CB007E3A92 /* EarlGreyDemo */;
			targetProxy = D4BE148F1C7C75CB007E3A92 /* PBXContainerItemProxy */;
		};
		D4BE14A71C7C7671007E3A92 /* PBXTargetDependency */ = {
			isa = PBXTargetDependency;
			target = D4BE14741C7C75CB007E3A92 /* EarlGreyDemo */;
			targetProxy = D4BE14A61C7C7671007E3A92 /* PBXContainerItemProxy */;
		};
/* End PBXTargetDependency section */

/* Begin PBXVariantGroup section */
		D4BE14811C7C75CB007E3A92 /* Main.storyboard */ = {
			isa = PBXVariantGroup;
			children = (
				D4BE14821C7C75CB007E3A92 /* Base */,
			);
			name = Main.storyboard;
			sourceTree = "<group>";
		};
		D4BE14861C7C75CB007E3A92 /* LaunchScreen.storyboard */ = {
			isa = PBXVariantGroup;
			children = (
				D4BE14871C7C75CB007E3A92 /* Base */,
			);
			name = LaunchScreen.storyboard;
			sourceTree = "<group>";
		};
/* End PBXVariantGroup section */

/* Begin XCBuildConfiguration section */
		D4BE14951C7C75CB007E3A92 /* Debug */ = {
			isa = XCBuildConfiguration;
			buildSettings = {
				ALWAYS_SEARCH_USER_PATHS = NO;
				CLANG_CXX_LANGUAGE_STANDARD = "gnu++0x";
				CLANG_CXX_LIBRARY = "libc++";
				CLANG_ENABLE_MODULES = YES;
				CLANG_ENABLE_OBJC_ARC = YES;
				CLANG_WARN_BOOL_CONVERSION = YES;
				CLANG_WARN_CONSTANT_CONVERSION = YES;
				CLANG_WARN_DIRECT_OBJC_ISA_USAGE = YES_ERROR;
				CLANG_WARN_EMPTY_BODY = YES;
				CLANG_WARN_ENUM_CONVERSION = YES;
				CLANG_WARN_INT_CONVERSION = YES;
				CLANG_WARN_OBJC_ROOT_CLASS = YES_ERROR;
				CLANG_WARN_UNREACHABLE_CODE = YES;
				CLANG_WARN__DUPLICATE_METHOD_MATCH = YES;
				"CODE_SIGN_IDENTITY[sdk=iphoneos*]" = "iPhone Developer";
				COPY_PHASE_STRIP = NO;
				DEBUG_INFORMATION_FORMAT = dwarf;
				ENABLE_STRICT_OBJC_MSGSEND = YES;
				ENABLE_TESTABILITY = YES;
				GCC_C_LANGUAGE_STANDARD = gnu99;
				GCC_DYNAMIC_NO_PIC = NO;
				GCC_NO_COMMON_BLOCKS = YES;
				GCC_OPTIMIZATION_LEVEL = 0;
				GCC_PREPROCESSOR_DEFINITIONS = (
					"DEBUG=1",
					"$(inherited)",
				);
				GCC_WARN_64_TO_32_BIT_CONVERSION = YES;
				GCC_WARN_ABOUT_RETURN_TYPE = YES_ERROR;
				GCC_WARN_UNDECLARED_SELECTOR = YES;
				GCC_WARN_UNINITIALIZED_AUTOS = YES_AGGRESSIVE;
				GCC_WARN_UNUSED_FUNCTION = YES;
				GCC_WARN_UNUSED_VARIABLE = YES;
				IPHONEOS_DEPLOYMENT_TARGET = 9.2;
				MTL_ENABLE_DEBUG_INFO = YES;
				ONLY_ACTIVE_ARCH = YES;
				SDKROOT = iphoneos;
			};
			name = Debug;
		};
		D4BE14961C7C75CB007E3A92 /* Release */ = {
			isa = XCBuildConfiguration;
			buildSettings = {
				ALWAYS_SEARCH_USER_PATHS = NO;
				CLANG_CXX_LANGUAGE_STANDARD = "gnu++0x";
				CLANG_CXX_LIBRARY = "libc++";
				CLANG_ENABLE_MODULES = YES;
				CLANG_ENABLE_OBJC_ARC = YES;
				CLANG_WARN_BOOL_CONVERSION = YES;
				CLANG_WARN_CONSTANT_CONVERSION = YES;
				CLANG_WARN_DIRECT_OBJC_ISA_USAGE = YES_ERROR;
				CLANG_WARN_EMPTY_BODY = YES;
				CLANG_WARN_ENUM_CONVERSION = YES;
				CLANG_WARN_INT_CONVERSION = YES;
				CLANG_WARN_OBJC_ROOT_CLASS = YES_ERROR;
				CLANG_WARN_UNREACHABLE_CODE = YES;
				CLANG_WARN__DUPLICATE_METHOD_MATCH = YES;
				"CODE_SIGN_IDENTITY[sdk=iphoneos*]" = "iPhone Developer";
				COPY_PHASE_STRIP = NO;
				DEBUG_INFORMATION_FORMAT = "dwarf-with-dsym";
				ENABLE_NS_ASSERTIONS = NO;
				ENABLE_STRICT_OBJC_MSGSEND = YES;
				GCC_C_LANGUAGE_STANDARD = gnu99;
				GCC_NO_COMMON_BLOCKS = YES;
				GCC_WARN_64_TO_32_BIT_CONVERSION = YES;
				GCC_WARN_ABOUT_RETURN_TYPE = YES_ERROR;
				GCC_WARN_UNDECLARED_SELECTOR = YES;
				GCC_WARN_UNINITIALIZED_AUTOS = YES_AGGRESSIVE;
				GCC_WARN_UNUSED_FUNCTION = YES;
				GCC_WARN_UNUSED_VARIABLE = YES;
				IPHONEOS_DEPLOYMENT_TARGET = 9.2;
				MTL_ENABLE_DEBUG_INFO = NO;
				SDKROOT = iphoneos;
				VALIDATE_PRODUCT = YES;
			};
			name = Release;
		};
		D4BE14981C7C75CB007E3A92 /* Debug */ = {
			isa = XCBuildConfiguration;
			buildSettings = {
				ASSETCATALOG_COMPILER_APPICON_NAME = AppIcon;
				INFOPLIST_FILE = EarlGreyDemo/Info.plist;
				LD_RUNPATH_SEARCH_PATHS = "$(inherited) @executable_path/Frameworks";
				PRODUCT_BUNDLE_IDENTIFIER = com.taobao.EarlGreyDemo;
				PRODUCT_NAME = "$(TARGET_NAME)";
			};
			name = Debug;
		};
		D4BE14991C7C75CB007E3A92 /* Release */ = {
			isa = XCBuildConfiguration;
			buildSettings = {
				ASSETCATALOG_COMPILER_APPICON_NAME = AppIcon;
				INFOPLIST_FILE = EarlGreyDemo/Info.plist;
				LD_RUNPATH_SEARCH_PATHS = "$(inherited) @executable_path/Frameworks";
				PRODUCT_BUNDLE_IDENTIFIER = com.taobao.EarlGreyDemo;
				PRODUCT_NAME = "$(TARGET_NAME)";
			};
			name = Release;
		};
		D4BE149B1C7C75CB007E3A92 /* Debug */ = {
			isa = XCBuildConfiguration;
			buildSettings = {
				INFOPLIST_FILE = EarlGreyDemoUITests/Info.plist;
				LD_RUNPATH_SEARCH_PATHS = "$(inherited) @executable_path/Frameworks @loader_path/Frameworks";
				PRODUCT_BUNDLE_IDENTIFIER = com.taobao.EarlGreyDemoUITests;
				PRODUCT_NAME = "$(TARGET_NAME)";
				TEST_TARGET_NAME = EarlGreyDemo;
				USES_XCTRUNNER = YES;
			};
			name = Debug;
		};
		D4BE149C1C7C75CB007E3A92 /* Release */ = {
			isa = XCBuildConfiguration;
			buildSettings = {
				INFOPLIST_FILE = EarlGreyDemoUITests/Info.plist;
				LD_RUNPATH_SEARCH_PATHS = "$(inherited) @executable_path/Frameworks @loader_path/Frameworks";
				PRODUCT_BUNDLE_IDENTIFIER = com.taobao.EarlGreyDemoUITests;
				PRODUCT_NAME = "$(TARGET_NAME)";
				TEST_TARGET_NAME = EarlGreyDemo;
				USES_XCTRUNNER = YES;
			};
			name = Release;
		};
		D4BE14A91C7C7671007E3A92 /* Debug */ = {
			isa = XCBuildConfiguration;
			baseConfigurationReference = 3E48EA38C1C5679C108D6672 /* Pods-EarlGreyDemoTests.debug.xcconfig */;
			buildSettings = {
				BUNDLE_LOADER = "$(TEST_HOST)";
				INFOPLIST_FILE = EarlGreyDemoTests/Info.plist;
				LD_RUNPATH_SEARCH_PATHS = "$(inherited) @executable_path/Frameworks @loader_path/Frameworks";
				PRODUCT_BUNDLE_IDENTIFIER = com.taobao.EarlGreyDemoTests;
				PRODUCT_NAME = "$(TARGET_NAME)";
				TEST_HOST = "$(BUILT_PRODUCTS_DIR)/EarlGreyDemo.app/EarlGreyDemo";
			};
			name = Debug;
		};
		D4BE14AA1C7C7671007E3A92 /* Release */ = {
			isa = XCBuildConfiguration;
			baseConfigurationReference = EA3F309446EC7D94B4CE8D84 /* Pods-EarlGreyDemoTests.release.xcconfig */;
			buildSettings = {
				BUNDLE_LOADER = "$(TEST_HOST)";
				INFOPLIST_FILE = EarlGreyDemoTests/Info.plist;
				LD_RUNPATH_SEARCH_PATHS = "$(inherited) @executable_path/Frameworks @loader_path/Frameworks";
				PRODUCT_BUNDLE_IDENTIFIER = com.taobao.EarlGreyDemoTests;
				PRODUCT_NAME = "$(TARGET_NAME)";
				TEST_HOST = "$(BUILT_PRODUCTS_DIR)/EarlGreyDemo.app/EarlGreyDemo";
			};
			name = Release;
		};
/* End XCBuildConfiguration section */

/* Begin XCConfigurationList section */
		D4BE14701C7C75CB007E3A92 /* Build configuration list for PBXProject "EarlGreyDemo" */ = {
			isa = XCConfigurationList;
			buildConfigurations = (
				D4BE14951C7C75CB007E3A92 /* Debug */,
				D4BE14961C7C75CB007E3A92 /* Release */,
			);
			defaultConfigurationIsVisible = 0;
			defaultConfigurationName = Release;
		};
		D4BE14971C7C75CB007E3A92 /* Build configuration list for PBXNativeTarget "EarlGreyDemo" */ = {
			isa = XCConfigurationList;
			buildConfigurations = (
				D4BE14981C7C75CB007E3A92 /* Debug */,
				D4BE14991C7C75CB007E3A92 /* Release */,
			);
			defaultConfigurationIsVisible = 0;
			defaultConfigurationName = Release;
		};
		D4BE149A1C7C75CB007E3A92 /* Build configuration list for PBXNativeTarget "EarlGreyDemoUITests" */ = {
			isa = XCConfigurationList;
			buildConfigurations = (
				D4BE149B1C7C75CB007E3A92 /* Debug */,
				D4BE149C1C7C75CB007E3A92 /* Release */,
			);
			defaultConfigurationIsVisible = 0;
			defaultConfigurationName = Release;
		};
		D4BE14A81C7C7671007E3A92 /* Build configuration list for PBXNativeTarget "EarlGreyDemoTests" */ = {
			isa = XCConfigurationList;
			buildConfigurations = (
				D4BE14A91C7C7671007E3A92 /* Debug */,
				D4BE14AA1C7C7671007E3A92 /* Release */,
			);
			defaultConfigurationIsVisible = 0;
			defaultConfigurationName = Release;
		};
/* End XCConfigurationList section */
	};
	rootObject = D4BE146D1C7C75CB007E3A92 /* Project object */;
}
